
Microsoft Visual Studio Solution File, Format Version 12.00
#
Project("{2150E333-8FDC-42A3-9474-1A3956D46DE8}") = "src", "src", "{2592E7E3-020B-4BD5-ABC3-A7C18A723A70}"
EndProject
Project("{2150E333-8FDC-42A3-9474-1A3956D46DE8}") = "tests", "tests", "{8F344913-1573-4022-B584-0E2737BAF190}"
EndProject
Project("{2150E333-8FDC-42A3-9474-1A3956D46DE8}") = "docker", "docker", "{698BA0C2-5C4D-49F7-8669-66DD9DA49012}"
EndProject
Project("{2150E333-8FDC-42A3-9474-1A3956D46DE8}") = "docs", "docs", "{783F7575-12D0-4D1B-92A9-FF941346116F}"
EndProject
Project("{2150E333-8FDC-42A3-9474-1A3956D46DE8}") = "BuildingBlocks", "BuildingBlocks", "{62A43E1E-2EAE-43D4-A5D6-45BF21B4D392}"
EndProject
Project("{FAE04EC0-301F-11D3-BF4B-00C04F79EFBC}") = "SHAS.SharedContracts", "src\BuildingBlocks\SHAS.SharedContracts\SHAS.SharedContracts.csproj", "{9F8CE565-9E1C-49D2-8EFD-A221D02140B0}"
EndProject
Project("{FAE04EC0-301F-11D3-BF4B-00C04F79EFBC}") = "SHAS.SharedKernel", "src\BuildingBlocks\SHAS.SharedKernel\SHAS.SharedKernel.csproj", "{B1B71AA8-A620-4F55-9B0E-9516747BFB96}"
EndProject
Project("{2150E333-8FDC-42A3-9474-1A3956D46DE8}") = "Services", "Services", "{DA06E755-9590-4E15-B986-19881D18B8C4}"
EndProject
Project("{2150E333-8FDC-42A3-9474-1A3956D46DE8}") = "Identity", "Identity", "{C72B0F91-C658-43E0-8FD7-E351A2D63921}"
EndProject
Project("{FAE04EC0-301F-11D3-BF4B-00C04F79EFBC}") = "Identity.API", "src\Services\Identity\Identity.API\Identity.API.csproj", "{A07006EB-201C-4B59-B3F6-DD0378C87462}"
EndProject
Project("{FAE04EC0-301F-11D3-BF4B-00C04F79EFBC}") = "Identity.Application", "src\Services\Identity\Identity.Application\Identity.Application.csproj", "{FC3C57C3-F5B8-4872-82F2-84A7F60A3CF3}"
EndProject
Project("{FAE04EC0-301F-11D3-BF4B-00C04F79EFBC}") = "Identity.Domain", "src\Services\Identity\Identity.Domain\Identity.Domain.csproj", "{E587501C-E23D-402C-B371-1973996ED6B3}"
EndProject
Project("{FAE04EC0-301F-11D3-BF4B-00C04F79EFBC}") = "Identity.Infrastructure", "src\Services\Identity\Identity.Infrastructure\Identity.Infrastructure.csproj", "{02E73C3E-7313-4782-B783-9209FB97DA35}"
EndProject
Project("{2150E333-8FDC-42A3-9474-1A3956D46DE8}") = "Doctor", "Doctor", "{6D2C18FA-72E8-4350-A5AC-85DB5E27F5CA}"
EndProject
Project("{FAE04EC0-301F-11D3-BF4B-00C04F79EFBC}") = "Doctor.API", "src\Services\Doctor\Doctor.API\Doctor.API.csproj", "{A18FB6F6-8517-448F-9EF0-5F09D437DE78}"
EndProject
Project("{FAE04EC0-301F-11D3-BF4B-00C04F79EFBC}") = "Doctor.Application", "src\Services\Doctor\Doctor.Application\Doctor.Application.csproj", "{BDE09AFB-3BA8-404B-889C-A5ACA1AE7E33}"
EndProject
Project("{FAE04EC0-301F-11D3-BF4B-00C04F79EFBC}") = "Doctor.Domain", "src\Services\Doctor\Doctor.Domain\Doctor.Domain.csproj", "{1BCF898C-17BC-43FB-8E3B-C800A75F6FAA}"
EndProject
Project("{FAE04EC0-301F-11D3-BF4B-00C04F79EFBC}") = "Doctor.Infrastructure", "src\Services\Doctor\Doctor.Infrastructure\Doctor.Infrastructure.csproj", "{2AFFFEFD-5BA1-400C-85A2-7241D779533A}"
EndProject
Project("{2150E333-8FDC-42A3-9474-1A3956D46DE8}") = "Appointment", "Appointment", "{9BE54A9A-AADC-4BAF-9830-8919DC813A92}"
EndProject
Project("{FAE04EC0-301F-11D3-BF4B-00C04F79EFBC}") = "Appointment.API", "src\Services\Appointment\Appointment.API\Appointment.API.csproj", "{5F9B66F5-8C4A-467A-993E-6C9B0A8CE465}"
EndProject
Project("{FAE04EC0-301F-11D3-BF4B-00C04F79EFBC}") = "Appointment.Application", "src\Services\Appointment\Appointment.Application\Appointment.Application.csproj", "{48A7B58F-462A-4BA4-A6D8-B0FA1E68CB87}"
EndProject
Project("{FAE04EC0-301F-11D3-BF4B-00C04F79EFBC}") = "Appointment.Domain", "src\Services\Appointment\Appointment.Domain\Appointment.Domain.csproj", "{67F60755-1FEE-45C8-B505-A7A5678151A2}"
EndProject
Project("{FAE04EC0-301F-11D3-BF4B-00C04F79EFBC}") = "Appointment.Infrastructure", "src\Services\Appointment\Appointment.Infrastructure\Appointment.Infrastructure.csproj", "{90E58FB9-44AE-408D-A902-C57BE1D0C1B0}"
EndProject
Project("{2150E333-8FDC-42A3-9474-1A3956D46DE8}") = "Notification", "Notification", "{DADED137-F018-4F6C-849A-DB4C7822F258}"
EndProject
Project("{FAE04EC0-301F-11D3-BF4B-00C04F79EFBC}") = "Notification.API", "src\Services\Notification\Notification.API\Notification.API.csproj", "{AC60F342-4DBA-4386-A777-B29B2EE2417E}"
EndProject
Project("{FAE04EC0-301F-11D3-BF4B-00C04F79EFBC}") = "Notification.Application", "src\Services\Notification\Notification.Application\Notification.Application.csproj", "{BA9369D2-03D8-486D-B2ED-88CF09D8B4B6}"
EndProject
Project("{FAE04EC0-301F-11D3-BF4B-00C04F79EFBC}") = "Notification.Domain", "src\Services\Notification\Notification.Domain\Notification.Domain.csproj", "{5509D3B9-9B74-4561-8863-1D6B2FE01147}"
EndProject
Project("{FAE04EC0-301F-11D3-BF4B-00C04F79EFBC}") = "Notification.Infrastructure", "src\Services\Notification\Notification.Infrastructure\Notification.Infrastructure.csproj", "{037C52FE-B7A1-4169-9802-4A0D3360F8DB}"
EndProject
Project("{2150E333-8FDC-42A3-9474-1A3956D46DE8}") = "Gateway", "Gateway", "{A59B1971-44E6-4649-A154-5277230C8223}"
EndProject
Project("{FAE04EC0-301F-11D3-BF4B-00C04F79EFBC}") = "SHAS.Gateway", "src\Gateway\SHAS.Gateway\SHAS.Gateway.csproj", "{0604AC32-ADB0-463B-9D5B-C098FC6F02BD}"
EndProject
Project("{FAE04EC0-301F-11D3-BF4B-00C04F79EFBC}") = "SHAS.AppHost", "AppHost\SHAS.AppHost.csproj", "{28319FCB-F49B-4838-9134-F48753F6783A}"
EndProject
Project("{FAE04EC0-301F-11D3-BF4B-00C04F79EFBC}") = "SHAS.ServiceDefaults", "ServiceDefaults\SHAS.ServiceDefaults.csproj", "{EDA2E5DA-AF76-47E8-91A1-89B841EFABF2}"
EndProject
Project("{2150E333-8FDC-42A3-9474-1A3956D46DE8}") = "Identity.UnitTests", "Identity.UnitTests", "{DEE5FCBF-9D7D-4DE6-AEEF-48608E5751DA}"
EndProject
Project("{2150E333-8FDC-42A3-9474-1A3956D46DE8}") = "Doctor.UnitTests", "Doctor.UnitTests", "{C5DDCEE0-A0D1-4724-91F1-289F210CE6B0}"
EndProject
Project("{2150E333-8FDC-42A3-9474-1A3956D46DE8}") = "Appointment.UnitTests", "Appointment.UnitTests", "{F45FBD91-A60C-4CFD-9AE4-2FE7002DCD44}"
EndProject
Project("{2150E333-8FDC-42A3-9474-1A3956D46DE8}") = "Appointment.IntegrationTests", "Appointment.IntegrationTests", "{34F25014-B646-446F-B5B4-378415C0A4AB}"
EndProject
Project("{2150E333-8FDC-42A3-9474-1A3956D46DE8}") = "Notification.UnitTests", "Notification.UnitTests", "{CBEF5C20-C26A-44A1-8FFF-29F5945512D7}"
EndProject
Project("{2150E333-8FDC-42A3-9474-1A3956D46DE8}") = "architecture", "architecture", "{6FE1D6F0-A53C-471B-AA4D-DE84D13CD549}"
EndProject
Project("{2150E333-8FDC-42A3-9474-1A3956D46DE8}") = "diagrams", "diagrams", "{0F82A991-E7E3-4AD2-A275-1ECB84F3FCC9}"
EndProject
Project("{2150E333-8FDC-42A3-9474-1A3956D46DE8}") = "adr", "adr", "{0F18D7FA-35B3-42AC-9DFF-F19A1F2969CA}"
EndProject
Project("{2150E333-8FDC-42A3-9474-1A3956D46DE8}") = "screenshots", "screenshots", "{50B73C4B-D1E6-4F83-B9CD-C0A38D125C8E}"
EndProject
Project("{2150E333-8FDC-42A3-9474-1A3956D46DE8}") = "Dockerfiles", "Dockerfiles", "{2FBBD923-473B-4E15-815E-371DEF6CD286}"
EndProject
Global
	GlobalSection(SolutionConfigurationPlatforms) = preSolution
		Debug|Any CPU = Debug|Any CPU
		Release|Any CPU = Release|Any CPU
	EndGlobalSection
	GlobalSection(ProjectConfigurationPlatforms) = postSolution
		{9F8CE565-9E1C-49D2-8EFD-A221D02140B0}.Debug|Any CPU.ActiveCfg = Debug|Any CPU
		{9F8CE565-9E1C-49D2-8EFD-A221D02140B0}.Debug|Any CPU.Build.0 = Debug|Any CPU
		{9F8CE565-9E1C-49D2-8EFD-A221D02140B0}.Release|Any CPU.ActiveCfg = Release|Any CPU
		{9F8CE565-9E1C-49D2-8EFD-A221D02140B0}.Release|Any CPU.Build.0 = Release|Any CPU
		{B1B71AA8-A620-4F55-9B0E-9516747BFB96}.Debug|Any CPU.ActiveCfg = Debug|Any CPU
		{B1B71AA8-A620-4F55-9B0E-9516747BFB96}.Debug|Any CPU.Build.0 = Debug|Any CPU
		{B1B71AA8-A620-4F55-9B0E-9516747BFB96}.Release|Any CPU.ActiveCfg = Release|Any CPU
		{B1B71AA8-A620-4F55-9B0E-9516747BFB96}.Release|Any CPU.Build.0 = Release|Any CPU
		{A07006EB-201C-4B59-B3F6-DD0378C87462}.Debug|Any CPU.ActiveCfg = Debug|Any CPU
		{A07006EB-201C-4B59-B3F6-DD0378C87462}.Debug|Any CPU.Build.0 = Debug|Any CPU
		{A07006EB-201C-4B59-B3F6-DD0378C87462}.Release|Any CPU.ActiveCfg = Release|Any CPU
		{A07006EB-201C-4B59-B3F6-DD0378C87462}.Release|Any CPU.Build.0 = Release|Any CPU
		{FC3C57C3-F5B8-4872-82F2-84A7F60A3CF3}.Debug|Any CPU.ActiveCfg = Debug|Any CPU
		{FC3C57C3-F5B8-4872-82F2-84A7F60A3CF3}.Debug|Any CPU.Build.0 = Debug|Any CPU
		{FC3C57C3-F5B8-4872-82F2-84A7F60A3CF3}.Release|Any CPU.ActiveCfg = Release|Any CPU
		{FC3C57C3-F5B8-4872-82F2-84A7F60A3CF3}.Release|Any CPU.Build.0 = Release|Any CPU
		{E587501C-E23D-402C-B371-1973996ED6B3}.Debug|Any CPU.ActiveCfg = Debug|Any CPU
		{E587501C-E23D-402C-B371-1973996ED6B3}.Debug|Any CPU.Build.0 = Debug|Any CPU
		{E587501C-E23D-402C-B371-1973996ED6B3}.Release|Any CPU.ActiveCfg = Release|Any CPU
		{E587501C-E23D-402C-B371-1973996ED6B3}.Release|Any CPU.Build.0 = Release|Any CPU
		{02E73C3E-7313-4782-B783-9209FB97DA35}.Debug|Any CPU.ActiveCfg = Debug|Any CPU
		{02E73C3E-7313-4782-B783-9209FB97DA35}.Debug|Any CPU.Build.0 = Debug|Any CPU
		{02E73C3E-7313-4782-B783-9209FB97DA35}.Release|Any CPU.ActiveCfg = Release|Any CPU
		{02E73C3E-7313-4782-B783-9209FB97DA35}.Release|Any CPU.Build.0 = Release|Any CPU
		{A18FB6F6-8517-448F-9EF0-5F09D437DE78}.Debug|Any CPU.ActiveCfg = Debug|Any CPU
		{A18FB6F6-8517-448F-9EF0-5F09D437DE78}.Debug|Any CPU.Build.0 = Debug|Any CPU
		{A18FB6F6-8517-448F-9EF0-5F09D437DE78}.Release|Any CPU.ActiveCfg = Release|Any CPU
		{A18FB6F6-8517-448F-9EF0-5F09D437DE78}.Release|Any CPU.Build.0 = Release|Any CPU
		{BDE09AFB-3BA8-404B-889C-A5ACA1AE7E33}.Debug|Any CPU.ActiveCfg = Debug|Any CPU
		{BDE09AFB-3BA8-404B-889C-A5ACA1AE7E33}.Debug|Any CPU.Build.0 = Debug|Any CPU
		{BDE09AFB-3BA8-404B-889C-A5ACA1AE7E33}.Release|Any CPU.ActiveCfg = Release|Any CPU
		{BDE09AFB-3BA8-404B-889C-A5ACA1AE7E33}.Release|Any CPU.Build.0 = Release|Any CPU
		{1BCF898C-17BC-43FB-8E3B-C800A75F6FAA}.Debug|Any CPU.ActiveCfg = Debug|Any CPU
		{1BCF898C-17BC-43FB-8E3B-C800A75F6FAA}.Debug|Any CPU.Build.0 = Debug|Any CPU
		{1BCF898C-17BC-43FB-8E3B-C800A75F6FAA}.Release|Any CPU.ActiveCfg = Release|Any CPU
		{1BCF898C-17BC-43FB-8E3B-C800A75F6FAA}.Release|Any CPU.Build.0 = Release|Any CPU
		{2AFFFEFD-5BA1-400C-85A2-7241D779533A}.Debug|Any CPU.ActiveCfg = Debug|Any CPU
		{2AFFFEFD-5BA1-400C-85A2-7241D779533A}.Debug|Any CPU.Build.0 = Debug|Any CPU
		{2AFFFEFD-5BA1-400C-85A2-7241D779533A}.Release|Any CPU.ActiveCfg = Release|Any CPU
		{2AFFFEFD-5BA1-400C-85A2-7241D779533A}.Release|Any CPU.Build.0 = Release|Any CPU
		{5F9B66F5-8C4A-467A-993E-6C9B0A8CE465}.Debug|Any CPU.ActiveCfg = Debug|Any CPU
		{5F9B66F5-8C4A-467A-993E-6C9B0A8CE465}.Debug|Any CPU.Build.0 = Debug|Any CPU
		{5F9B66F5-8C4A-467A-993E-6C9B0A8CE465}.Release|Any CPU.ActiveCfg = Release|Any CPU
		{5F9B66F5-8C4A-467A-993E-6C9B0A8CE465}.Release|Any CPU.Build.0 = Release|Any CPU
		{48A7B58F-462A-4BA4-A6D8-B0FA1E68CB87}.Debug|Any CPU.ActiveCfg = Debug|Any CPU
		{48A7B58F-462A-4BA4-A6D8-B0FA1E68CB87}.Debug|Any CPU.Build.0 = Debug|Any CPU
		{48A7B58F-462A-4BA4-A6D8-B0FA1E68CB87}.Release|Any CPU.ActiveCfg = Release|Any CPU
		{48A7B58F-462A-4BA4-A6D8-B0FA1E68CB87}.Release|Any CPU.Build.0 = Release|Any CPU
		{67F60755-1FEE-45C8-B505-A7A5678151A2}.Debug|Any CPU.ActiveCfg = Debug|Any CPU
		{67F60755-1FEE-45C8-B505-A7A5678151A2}.Debug|Any CPU.Build.0 = Debug|Any CPU
		{67F60755-1FEE-45C8-B505-A7A5678151A2}.Release|Any CPU.ActiveCfg = Release|Any CPU
		{67F60755-1FEE-45C8-B505-A7A5678151A2}.Release|Any CPU.Build.0 = Release|Any CPU
		{90E58FB9-44AE-408D-A902-C57BE1D0C1B0}.Debug|Any CPU.ActiveCfg = Debug|Any CPU
		{90E58FB9-44AE-408D-A902-C57BE1D0C1B0}.Debug|Any CPU.Build.0 = Debug|Any CPU
		{90E58FB9-44AE-408D-A902-C57BE1D0C1B0}.Release|Any CPU.ActiveCfg = Release|Any CPU
		{90E58FB9-44AE-408D-A902-C57BE1D0C1B0}.Release|Any CPU.Build.0 = Release|Any CPU
		{AC60F342-4DBA-4386-A777-B29B2EE2417E}.Debug|Any CPU.ActiveCfg = Debug|Any CPU
		{AC60F342-4DBA-4386-A777-B29B2EE2417E}.Debug|Any CPU.Build.0 = Debug|Any CPU
		{AC60F342-4DBA-4386-A777-B29B2EE2417E}.Release|Any CPU.ActiveCfg = Release|Any CPU
		{AC60F342-4DBA-4386-A777-B29B2EE2417E}.Release|Any CPU.Build.0 = Release|Any CPU
		{BA9369D2-03D8-486D-B2ED-88CF09D8B4B6}.Debug|Any CPU.ActiveCfg = Debug|Any CPU
		{BA9369D2-03D8-486D-B2ED-88CF09D8B4B6}.Debug|Any CPU.Build.0 = Debug|Any CPU
		{BA9369D2-03D8-486D-B2ED-88CF09D8B4B6}.Release|Any CPU.ActiveCfg = Release|Any CPU
		{BA9369D2-03D8-486D-B2ED-88CF09D8B4B6}.Release|Any CPU.Build.0 = Release|Any CPU
		{5509D3B9-9B74-4561-8863-1D6B2FE01147}.Debug|Any CPU.ActiveCfg = Debug|Any CPU
		{5509D3B9-9B74-4561-8863-1D6B2FE01147}.Debug|Any CPU.Build.0 = Debug|Any CPU
		{5509D3B9-9B74-4561-8863-1D6B2FE01147}.Release|Any CPU.ActiveCfg = Release|Any CPU
		{5509D3B9-9B74-4561-8863-1D6B2FE01147}.Release|Any CPU.Build.0 = Release|Any CPU
		{037C52FE-B7A1-4169-9802-4A0D3360F8DB}.Debug|Any CPU.ActiveCfg = Debug|Any CPU
		{037C52FE-B7A1-4169-9802-4A0D3360F8DB}.Debug|Any CPU.Build.0 = Debug|Any CPU
		{037C52FE-B7A1-4169-9802-4A0D3360F8DB}.Release|Any CPU.ActiveCfg = Release|Any CPU
		{037C52FE-B7A1-4169-9802-4A0D3360F8DB}.Release|Any CPU.Build.0 = Release|Any CPU
		{0604AC32-ADB0-463B-9D5B-C098FC6F02BD}.Debug|Any CPU.ActiveCfg = Debug|Any CPU
		{0604AC32-ADB0-463B-9D5B-C098FC6F02BD}.Debug|Any CPU.Build.0 = Debug|Any CPU
		{0604AC32-ADB0-463B-9D5B-C098FC6F02BD}.Release|Any CPU.ActiveCfg = Release|Any CPU
		{0604AC32-ADB0-463B-9D5B-C098FC6F02BD}.Release|Any CPU.Build.0 = Release|Any CPU
		{28319FCB-F49B-4838-9134-F48753F6783A}.Debug|Any CPU.ActiveCfg = Debug|Any CPU
		{28319FCB-F49B-4838-9134-F48753F6783A}.Debug|Any CPU.Build.0 = Debug|Any CPU
		{28319FCB-F49B-4838-9134-F48753F6783A}.Release|Any CPU.ActiveCfg = Release|Any CPU
		{28319FCB-F49B-4838-9134-F48753F6783A}.Release|Any CPU.Build.0 = Release|Any CPU
		{EDA2E5DA-AF76-47E8-91A1-89B841EFABF2}.Debug|Any CPU.ActiveCfg = Debug|Any CPU
		{EDA2E5DA-AF76-47E8-91A1-89B841EFABF2}.Debug|Any CPU.Build.0 = Debug|Any CPU
		{EDA2E5DA-AF76-47E8-91A1-89B841EFABF2}.Release|Any CPU.ActiveCfg = Release|Any CPU
		{EDA2E5DA-AF76-47E8-91A1-89B841EFABF2}.Release|Any CPU.Build.0 = Release|Any CPU
	EndGlobalSection
	GlobalSection(NestedProjects) = preSolution
		{62A43E1E-2EAE-43D4-A5D6-45BF21B4D392} = {2592E7E3-020B-4BD5-ABC3-A7C18A723A70}
		{9F8CE565-9E1C-49D2-8EFD-A221D02140B0} = {62A43E1E-2EAE-43D4-A5D6-45BF21B4D392}
		{B1B71AA8-A620-4F55-9B0E-9516747BFB96} = {62A43E1E-2EAE-43D4-A5D6-45BF21B4D392}
		{DA06E755-9590-4E15-B986-19881D18B8C4} = {2592E7E3-020B-4BD5-ABC3-A7C18A723A70}
		{C72B0F91-C658-43E0-8FD7-E351A2D63921} = {DA06E755-9590-4E15-B986-19881D18B8C4}
		{A07006EB-201C-4B59-B3F6-DD0378C87462} = {C72B0F91-C658-43E0-8FD7-E351A2D63921}
		{FC3C57C3-F5B8-4872-82F2-84A7F60A3CF3} = {C72B0F91-C658-43E0-8FD7-E351A2D63921}
		{E587501C-E23D-402C-B371-1973996ED6B3} = {C72B0F91-C658-43E0-8FD7-E351A2D63921}
		{02E73C3E-7313-4782-B783-9209FB97DA35} = {C72B0F91-C658-43E0-8FD7-E351A2D63921}
		{6D2C18FA-72E8-4350-A5AC-85DB5E27F5CA} = {DA06E755-9590-4E15-B986-19881D18B8C4}
		{A18FB6F6-8517-448F-9EF0-5F09D437DE78} = {6D2C18FA-72E8-4350-A5AC-85DB5E27F5CA}
		{BDE09AFB-3BA8-404B-889C-A5ACA1AE7E33} = {6D2C18FA-72E8-4350-A5AC-85DB5E27F5CA}
		{1BCF898C-17BC-43FB-8E3B-C800A75F6FAA} = {6D2C18FA-72E8-4350-A5AC-85DB5E27F5CA}
		{2AFFFEFD-5BA1-400C-85A2-7241D779533A} = {6D2C18FA-72E8-4350-A5AC-85DB5E27F5CA}
		{9BE54A9A-AADC-4BAF-9830-8919DC813A92} = {DA06E755-9590-4E15-B986-19881D18B8C4}
		{5F9B66F5-8C4A-467A-993E-6C9B0A8CE465} = {9BE54A9A-AADC-4BAF-9830-8919DC813A92}
		{48A7B58F-462A-4BA4-A6D8-B0FA1E68CB87} = {9BE54A9A-AADC-4BAF-9830-8919DC813A92}
		{67F60755-1FEE-45C8-B505-A7A5678151A2} = {9BE54A9A-AADC-4BAF-9830-8919DC813A92}
		{90E58FB9-44AE-408D-A902-C57BE1D0C1B0} = {9BE54A9A-AADC-4BAF-9830-8919DC813A92}
		{DADED137-F018-4F6C-849A-DB4C7822F258} = {DA06E755-9590-4E15-B986-19881D18B8C4}
		{AC60F342-4DBA-4386-A777-B29B2EE2417E} = {DADED137-F018-4F6C-849A-DB4C7822F258}
		{BA9369D2-03D8-486D-B2ED-88CF09D8B4B6} = {DADED137-F018-4F6C-849A-DB4C7822F258}
		{5509D3B9-9B74-4561-8863-1D6B2FE01147} = {DADED137-F018-4F6C-849A-DB4C7822F258}
		{037C52FE-B7A1-4169-9802-4A0D3360F8DB} = {DADED137-F018-4F6C-849A-DB4C7822F258}
		{A59B1971-44E6-4649-A154-5277230C8223} = {2592E7E3-020B-4BD5-ABC3-A7C18A723A70}
		{0604AC32-ADB0-463B-9D5B-C098FC6F02BD} = {A59B1971-44E6-4649-A154-5277230C8223}
		{DEE5FCBF-9D7D-4DE6-AEEF-48608E5751DA} = {8F344913-1573-4022-B584-0E2737BAF190}
		{C5DDCEE0-A0D1-4724-91F1-289F210CE6B0} = {8F344913-1573-4022-B584-0E2737BAF190}
		{F45FBD91-A60C-4CFD-9AE4-2FE7002DCD44} = {8F344913-1573-4022-B584-0E2737BAF190}
		{34F25014-B646-446F-B5B4-378415C0A4AB} = {8F344913-1573-4022-B584-0E2737BAF190}
		{CBEF5C20-C26A-44A1-8FFF-29F5945512D7} = {8F344913-1573-4022-B584-0E2737BAF190}
		{6FE1D6F0-A53C-471B-AA4D-DE84D13CD549} = {783F7575-12D0-4D1B-92A9-FF941346116F}
		{0F82A991-E7E3-4AD2-A275-1ECB84F3FCC9} = {783F7575-12D0-4D1B-92A9-FF941346116F}
		{0F18D7FA-35B3-42AC-9DFF-F19A1F2969CA} = {783F7575-12D0-4D1B-92A9-FF941346116F}
		{50B73C4B-D1E6-4F83-B9CD-C0A38D125C8E} = {783F7575-12D0-4D1B-92A9-FF941346116F}
		{2FBBD923-473B-4E15-815E-371DEF6CD286} = {698BA0C2-5C4D-49F7-8669-66DD9DA49012}
	EndGlobalSection
EndGlobal
